
Microsoft Visual Studio Solution File, Format Version 12.00
# Visual Studio 15
VisualStudioVersion = 15.0.27703.2042
MinimumVisualStudioVersion = 10.0.40219.1
Project("{FAE04EC0-301F-11D3-BF4B-00C04F79EFBC}") = "SoundApp", "SoundApp\SoundApp.csproj", "{888CCD30-190D-4DCC-BAF4-715AF3060559}"
EndProject
Global
	GlobalSection(SolutionConfigurationPlatforms) = preSolution
		Debug|Any CPU = Debug|Any CPU
		Release|Any CPU = Release|Any CPU
	EndGlobalSection
	GlobalSection(ProjectConfigurationPlatforms) = postSolution
		{888CCD30-190D-4DCC-BAF4-715AF3060559}.Debug|Any CPU.ActiveCfg = Debug|Any CPU
		{888CCD30-190D-4DCC-BAF4-715AF3060559}.Debug|Any CPU.Build.0 = Debug|Any CPU
		{888CCD30-190D-4DCC-BAF4-715AF3060559}.Release|Any CPU.ActiveCfg = Release|Any CPU
		{888CCD30-190D-4DCC-BAF4-715AF3060559}.Release|Any CPU.Build.0 = Release|Any CPU
	EndGlobalSection
	GlobalSection(SolutionProperties) = preSolution
		HideSolutionNode = FALSE
	EndGlobalSection
	GlobalSection(ExtensibilityGlobals) = postSolution
		SolutionGuid = {EB1A9D32-A632-4C99-8ED0-AE55B14B619B}
	EndGlobalSection
EndGlobal
